{
  "name": "I-Telex-Rundschreibsystem",
  "lockfileVersion": 2,
  "requires": true,
  "packages": {
    "": {
      "dependencies": {
        "@types/node": "^11.13.18",
        "typescript": "3.6"
      }
    },
    "node_modules/@types/node": {
      "version": "11.13.18",
      "resolved": "https://registry.npmjs.org/@types/node/-/node-11.13.18.tgz",
      "integrity": "sha512-sMHdXLccscaxI+Hlzz58yLQue3lQyXP+6aQniDRi5oju3n0123kcjhicVGF20WF7cHiwJ2vxMbXc4skOclosoA=="
    },
    "node_modules/typescript": {
      "version": "3.6.5",
      "resolved": "https://registry.npmjs.org/typescript/-/typescript-3.6.5.tgz",
      "integrity": "sha512-BEjlc0Z06ORZKbtcxGrIvvwYs5hAnuo6TKdNFL55frVDlB+na3z5bsLhFaIxmT+dPWgBIjMo6aNnTOgHHmHgiQ==",
      "bin": {
        "tsc": "bin/tsc",
        "tsserver": "bin/tsserver"
      },
      "engines": {
        "node": ">=4.2.0"
      }
    }
  },
  "dependencies": {
    "@types/node": {
      "version": "11.13.18",
      "resolved": "https://registry.npmjs.org/@types/node/-/node-11.13.18.tgz",
      "integrity": "sha512-sMHdXLccscaxI+Hlzz58yLQue3lQyXP+6aQniDRi5oju3n0123kcjhicVGF20WF7cHiwJ2vxMbXc4skOclosoA=="
    },
    "typescript": {
      "version": "3.6.5",
      "resolved": "https://registry.npmjs.org/typescript/-/typescript-3.6.5.tgz",
      "integrity": "sha512-BEjlc0Z06ORZKbtcxGrIvvwYs5hAnuo6TKdNFL55frVDlB+na3z5bsLhFaIxmT+dPWgBIjMo6aNnTOgHHmHgiQ=="
    }
  }
}
