{
  "requires": true,
  "lockfileVersion": 1,
  "dependencies": {
    "@types/ip": {
      "version": "0.0.31",
      "resolved": "https://registry.npmjs.org/@types/ip/-/ip-0.0.31.tgz",
      "integrity": "sha512-oYk8aalgfCt7XfEu66Sjwz/aQjfRtQkjNSXwrUGqyRoQbOymAc156fUNTwn1cSCEEwuPPzMy7fGPmKcFLoaIkA==",
      "requires": {
        "@types/node": "*"
      }
    },
    "@types/node": {
      "version": "10.11.3",
      "resolved": "https://registry.npmjs.org/@types/node/-/node-10.11.3.tgz",
      "integrity": "sha512-3AvcEJAh9EMatxs+OxAlvAEs7OTy6AG94mcH1iqyVDwVVndekLxzwkWQ/Z4SDbY6GO2oyUXyWW8tQ4rENSSQVQ=="
    },
    "duplexer": {
      "version": "0.1.1",
      "resolved": "http://registry.npmjs.org/duplexer/-/duplexer-0.1.1.tgz",
      "integrity": "sha1-rOb/gIwc5mtX0ev5eXessCM0z8E="
    },
    "ip": {
      "version": "1.1.5",
      "resolved": "https://registry.npmjs.org/ip/-/ip-1.1.5.tgz",
      "integrity": "sha1-vd7XARQpCCjAoDnnLvJfWq7ENUo="
    }
  }
}
